
Microsoft Visual Studio Solution File, Format Version 12.00
# Visual Studio Version 16
VisualStudioVersion = 16.0.31911.196
MinimumVisualStudioVersion = 10.0.40219.1
Project("{FAE04EC0-301F-11D3-BF4B-00C04F79EFBC}") = "Event_Planet", "Event_Planet\Event_Planet.csproj", "{B14A0BC9-EDA2-452A-BCC1-2B6B72DF1F23}"
EndProject
Global
	GlobalSection(SolutionConfigurationPlatforms) = preSolution
		Debug|Any CPU = Debug|Any CPU
		Release|Any CPU = Release|Any CPU
	EndGlobalSection
	GlobalSection(ProjectConfigurationPlatforms) = postSolution
		{B14A0BC9-EDA2-452A-BCC1-2B6B72DF1F23}.Debug|Any CPU.ActiveCfg = Debug|Any CPU
		{B14A0BC9-EDA2-452A-BCC1-2B6B72DF1F23}.Debug|Any CPU.Build.0 = Debug|Any CPU
		{B14A0BC9-EDA2-452A-BCC1-2B6B72DF1F23}.Release|Any CPU.ActiveCfg = Release|Any CPU
		{B14A0BC9-EDA2-452A-BCC1-2B6B72DF1F23}.Release|Any CPU.Build.0 = Release|Any CPU
	EndGlobalSection
	GlobalSection(SolutionProperties) = preSolution
		HideSolutionNode = FALSE
	EndGlobalSection
	GlobalSection(ExtensibilityGlobals) = postSolution
		SolutionGuid = {7B516A0A-2942-499D-8481-4EABB49E1D4C}
	EndGlobalSection
EndGlobal
